// !$*UTF8*$!
{
	archiveVersion = 1;
	classes = {
	};
	objectVersion = 56;
	objects = {

/* Begin PBXBuildFile section */
		1338A4E82B685ACB0029F9D9 /* AppDelegate.swift in Sources */ = {isa = PBXBuildFile; fileRef = 1338A4E72B685ACB0029F9D9 /* AppDelegate.swift */; };
		1338A4EA2B685ACB0029F9D9 /* SceneDelegate.swift in Sources */ = {isa = PBXBuildFile; fileRef = 1338A4E92B685ACB0029F9D9 /* SceneDelegate.swift */; };
		1338A4EC2B685ACB0029F9D9 /* ViewController.swift in Sources */ = {isa = PBXBuildFile; fileRef = 1338A4EB2B685ACB0029F9D9 /* ViewController.swift */; };
		1338A4EF2B685ACB0029F9D9 /* Main.storyboard in Resources */ = {isa = PBXBuildFile; fileRef = 1338A4ED2B685ACB0029F9D9 /* Main.storyboard */; };
		1338A4F22B685ACB0029F9D9 /* lab4.xcdatamodeld in Sources */ = {isa = PBXBuildFile; fileRef = 1338A4F02B685ACB0029F9D9 /* lab4.xcdatamodeld */; };
		1338A4F42B685ACC0029F9D9 /* Assets.xcassets in Resources */ = {isa = PBXBuildFile; fileRef = 1338A4F32B685ACC0029F9D9 /* Assets.xcassets */; };
		1338A4F72B685ACC0029F9D9 /* LaunchScreen.storyboard in Resources */ = {isa = PBXBuildFile; fileRef = 1338A4F52B685ACC0029F9D9 /* LaunchScreen.storyboard */; };
		1338A5022B685ACC0029F9D9 /* lab4Tests.swift in Sources */ = {isa = PBXBuildFile; fileRef = 1338A5012B685ACC0029F9D9 /* lab4Tests.swift */; };
		1338A50C2B685ACC0029F9D9 /* lab4UITests.swift in Sources */ = {isa = PBXBuildFile; fileRef = 1338A50B2B685ACC0029F9D9 /* lab4UITests.swift */; };
		1338A50E2B685ACC0029F9D9 /* lab4UITestsLaunchTests.swift in Sources */ = {isa = PBXBuildFile; fileRef = 1338A50D2B685ACC0029F9D9 /* lab4UITestsLaunchTests.swift */; };
/* End PBXBuildFile section */

/* Begin PBXContainerItemProxy section */
		1338A4FE2B685ACC0029F9D9 /* PBXContainerItemProxy */ = {
			isa = PBXContainerItemProxy;
			containerPortal = 1338A4DC2B685ACB0029F9D9 /* Project object */;
			proxyType = 1;
			remoteGlobalIDString = 1338A4E32B685ACB0029F9D9;
			remoteInfo = lab4;
		};
		1338A5082B685ACC0029F9D9 /* PBXContainerItemProxy */ = {
			isa = PBXContainerItemProxy;
			containerPortal = 1338A4DC2B685ACB0029F9D9 /* Project object */;
			proxyType = 1;
			remoteGlobalIDString = 1338A4E32B685ACB0029F9D9;
			remoteInfo = lab4;
		};
/* End PBXContainerItemProxy section */

/* Begin PBXFileReference section */
		1338A4E42B685ACB0029F9D9 /* lab4.app */ = {isa = PBXFileReference; explicitFileType = wrapper.application; includeInIndex = 0; path = lab4.app; sourceTree = BUILT_PRODUCTS_DIR; };
		1338A4E72B685ACB0029F9D9 /* AppDelegate.swift */ = {isa = PBXFileReference; lastKnownFileType = sourcecode.swift; path = AppDelegate.swift; sourceTree = "<group>"; };
		1338A4E92B685ACB0029F9D9 /* SceneDelegate.swift */ = {isa = PBXFileReference; lastKnownFileType = sourcecode.swift; path = SceneDelegate.swift; sourceTree = "<group>"; };
		1338A4EB2B685ACB0029F9D9 /* ViewController.swift */ = {isa = PBXFileReference; lastKnownFileType = sourcecode.swift; path = ViewController.swift; sourceTree = "<group>"; };
		1338A4EE2B685ACB0029F9D9 /* Base */ = {isa = PBXFileReference; lastKnownFileType = file.storyboard; name = Base; path = Base.lproj/Main.storyboard; sourceTree = "<group>"; };
		1338A4F12B685ACB0029F9D9 /* lab4.xcdatamodel */ = {isa = PBXFileReference; lastKnownFileType = wrapper.xcdatamodel; path = lab4.xcdatamodel; sourceTree = "<group>"; };
		1338A4F32B685ACC0029F9D9 /* Assets.xcassets */ = {isa = PBXFileReference; lastKnownFileType = folder.assetcatalog; path = Assets.xcassets; sourceTree = "<group>"; };
		1338A4F62B685ACC0029F9D9 /* Base */ = {isa = PBXFileReference; lastKnownFileType = file.storyboard; name = Base; path = Base.lproj/LaunchScreen.storyboard; sourceTree = "<group>"; };
		1338A4F82B685ACC0029F9D9 /* Info.plist */ = {isa = PBXFileReference; lastKnownFileType = text.plist.xml; path = Info.plist; sourceTree = "<group>"; };
		1338A4FD2B685ACC0029F9D9 /* lab4Tests.xctest */ = {isa = PBXFileReference; explicitFileType = wrapper.cfbundle; includeInIndex = 0; path = lab4Tests.xctest; sourceTree = BUILT_PRODUCTS_DIR; };
		1338A5012B685ACC0029F9D9 /* lab4Tests.swift */ = {isa = PBXFileReference; lastKnownFileType = sourcecode.swift; path = lab4Tests.swift; sourceTree = "<group>"; };
		1338A5072B685ACC0029F9D9 /* lab4UITests.xctest */ = {isa = PBXFileReference; explicitFileType = wrapper.cfbundle; includeInIndex = 0; path = lab4UITests.xctest; sourceTree = BUILT_PRODUCTS_DIR; };
		1338A50B2B685ACC0029F9D9 /* lab4UITests.swift */ = {isa = PBXFileReference; lastKnownFileType = sourcecode.swift; path = lab4UITests.swift; sourceTree = "<group>"; };
		1338A50D2B685ACC0029F9D9 /* lab4UITestsLaunchTests.swift */ = {isa = PBXFileReference; lastKnownFileType = sourcecode.swift; path = lab4UITestsLaunchTests.swift; sourceTree = "<group>"; };
/* End PBXFileReference section */

/* Begin PBXFrameworksBuildPhase section */
		1338A4E12B685ACB0029F9D9 /* Frameworks */ = {
			isa = PBXFrameworksBuildPhase;
			buildActionMask = 2147483647;
			files = (
			);
			runOnlyForDeploymentPostprocessing = 0;
		};
		1338A4FA2B685ACC0029F9D9 /* Frameworks */ = {
			isa = PBXFrameworksBuildPhase;
			buildActionMask = 2147483647;
			files = (
			);
			runOnlyForDeploymentPostprocessing = 0;
		};
		1338A5042B685ACC0029F9D9 /* Frameworks */ = {
			isa = PBXFrameworksBuildPhase;
			buildActionMask = 2147483647;
			files = (
			);
			runOnlyForDeploymentPostprocessing = 0;
		};
/* End PBXFrameworksBuildPhase section */

/* Begin PBXGroup section */
		1338A4DB2B685ACB0029F9D9 = {
			isa = PBXGroup;
			children = (
				1338A4E62B685ACB0029F9D9 /* lab4 */,
				1338A5002B685ACC0029F9D9 /* lab4Tests */,
				1338A50A2B685ACC0029F9D9 /* lab4UITests */,
				1338A4E52B685ACB0029F9D9 /* Products */,
			);
			sourceTree = "<group>";
		};
		1338A4E52B685ACB0029F9D9 /* Products */ = {
			isa = PBXGroup;
			children = (
				1338A4E42B685ACB0029F9D9 /* lab4.app */,
				1338A4FD2B685ACC0029F9D9 /* lab4Tests.xctest */,
				1338A5072B685ACC0029F9D9 /* lab4UITests.xctest */,
			);
			name = Products;
			sourceTree = "<group>";
		};
		1338A4E62B685ACB0029F9D9 /* lab4 */ = {
			isa = PBXGroup;
			children = (
				1338A4E72B685ACB0029F9D9 /* AppDelegate.swift */,
				1338A4E92B685ACB0029F9D9 /* SceneDelegate.swift */,
				1338A4EB2B685ACB0029F9D9 /* ViewController.swift */,
				1338A4ED2B685ACB0029F9D9 /* Main.storyboard */,
				1338A4F32B685ACC0029F9D9 /* Assets.xcassets */,
				1338A4F52B685ACC0029F9D9 /* LaunchScreen.storyboard */,
				1338A4F82B685ACC0029F9D9 /* Info.plist */,
				1338A4F02B685ACB0029F9D9 /* lab4.xcdatamodeld */,
			);
			path = lab4;
			sourceTree = "<group>";
		};
		1338A5002B685ACC0029F9D9 /* lab4Tests */ = {
			isa = PBXGroup;
			children = (
				1338A5012B685ACC0029F9D9 /* lab4Tests.swift */,
			);
			path = lab4Tests;
			sourceTree = "<group>";
		};
		1338A50A2B685ACC0029F9D9 /* lab4UITests */ = {
			isa = PBXGroup;
			children = (
				1338A50B2B685ACC0029F9D9 /* lab4UITests.swift */,
				1338A50D2B685ACC0029F9D9 /* lab4UITestsLaunchTests.swift */,
			);
			path = lab4UITests;
			sourceTree = "<group>";
		};
/* End PBXGroup section */

/* Begin PBXNativeTarget section */
		1338A4E32B685ACB0029F9D9 /* lab4 */ = {
			isa = PBXNativeTarget;
			buildConfigurationList = 1338A5112B685ACC0029F9D9 /* Build configuration list for PBXNativeTarget "lab4" */;
			buildPhases = (
				1338A4E02B685ACB0029F9D9 /* Sources */,
				1338A4E12B685ACB0029F9D9 /* Frameworks */,
				1338A4E22B685ACB0029F9D9 /* Resources */,
			);
			buildRules = (
			);
			dependencies = (
			);
			name = lab4;
			productName = lab4;
			productReference = 1338A4E42B685ACB0029F9D9 /* lab4.app */;
			productType = "com.apple.product-type.application";
		};
		1338A4FC2B685ACC0029F9D9 /* lab4Tests */ = {
			isa = PBXNativeTarget;
			buildConfigurationList = 1338A5142B685ACC0029F9D9 /* Build configuration list for PBXNativeTarget "lab4Tests" */;
			buildPhases = (
				1338A4F92B685ACC0029F9D9 /* Sources */,
				1338A4FA2B685ACC0029F9D9 /* Frameworks */,
				1338A4FB2B685ACC0029F9D9 /* Resources */,
			);
			buildRules = (
			);
			dependencies = (
				1338A4FF2B685ACC0029F9D9 /* PBXTargetDependency */,
			);
			name = lab4Tests;
			productName = lab4Tests;
			productReference = 1338A4FD2B685ACC0029F9D9 /* lab4Tests.xctest */;
			productType = "com.apple.product-type.bundle.unit-test";
		};
		1338A5062B685ACC0029F9D9 /* lab4UITests */ = {
			isa = PBXNativeTarget;
			buildConfigurationList = 1338A5172B685ACC0029F9D9 /* Build configuration list for PBXNativeTarget "lab4UITests" */;
			buildPhases = (
				1338A5032B685ACC0029F9D9 /* Sources */,
				1338A5042B685ACC0029F9D9 /* Frameworks */,
				1338A5052B685ACC0029F9D9 /* Resources */,
			);
			buildRules = (
			);
			dependencies = (
				1338A5092B685ACC0029F9D9 /* PBXTargetDependency */,
			);
			name = lab4UITests;
			productName = lab4UITests;
			productReference = 1338A5072B685ACC0029F9D9 /* lab4UITests.xctest */;
			productType = "com.apple.product-type.bundle.ui-testing";
		};
/* End PBXNativeTarget section */

/* Begin PBXProject section */
		1338A4DC2B685ACB0029F9D9 /* Project object */ = {
			isa = PBXProject;
			attributes = {
				BuildIndependentTargetsInParallel = 1;
				LastSwiftUpdateCheck = 1420;
				LastUpgradeCheck = 1420;
				TargetAttributes = {
					1338A4E32B685ACB0029F9D9 = {
						CreatedOnToolsVersion = 14.2;
					};
					1338A4FC2B685ACC0029F9D9 = {
						CreatedOnToolsVersion = 14.2;
						TestTargetID = 1338A4E32B685ACB0029F9D9;
					};
					1338A5062B685ACC0029F9D9 = {
						CreatedOnToolsVersion = 14.2;
						TestTargetID = 1338A4E32B685ACB0029F9D9;
					};
				};
			};
			buildConfigurationList = 1338A4DF2B685ACB0029F9D9 /* Build configuration list for PBXProject "lab4" */;
			compatibilityVersion = "Xcode 14.0";
			developmentRegion = en;
			hasScannedForEncodings = 0;
			knownRegions = (
				en,
				Base,
			);
			mainGroup = 1338A4DB2B685ACB0029F9D9;
			productRefGroup = 1338A4E52B685ACB0029F9D9 /* Products */;
			projectDirPath = "";
			projectRoot = "";
			targets = (
				1338A4E32B685ACB0029F9D9 /* lab4 */,
				1338A4FC2B685ACC0029F9D9 /* lab4Tests */,
				1338A5062B685ACC0029F9D9 /* lab4UITests */,
			);
		};
/* End PBXProject section */

/* Begin PBXResourcesBuildPhase section */
		1338A4E22B685ACB0029F9D9 /* Resources */ = {
			isa = PBXResourcesBuildPhase;
			buildActionMask = 2147483647;
			files = (
				1338A4F72B685ACC0029F9D9 /* LaunchScreen.storyboard in Resources */,
				1338A4F42B685ACC0029F9D9 /* Assets.xcassets in Resources */,
				1338A4EF2B685ACB0029F9D9 /* Main.storyboard in Resources */,
			);
			runOnlyForDeploymentPostprocessing = 0;
		};
		1338A4FB2B685ACC0029F9D9 /* Resources */ = {
			isa = PBXResourcesBuildPhase;
			buildActionMask = 2147483647;
			files = (
			);
			runOnlyForDeploymentPostprocessing = 0;
		};
		1338A5052B685ACC0029F9D9 /* Resources */ = {
			isa = PBXResourcesBuildPhase;
			buildActionMask = 2147483647;
			files = (
			);
			runOnlyForDeploymentPostprocessing = 0;
		};
/* End PBXResourcesBuildPhase section */

/* Begin PBXSourcesBuildPhase section */
		1338A4E02B685ACB0029F9D9 /* Sources */ = {
			isa = PBXSourcesBuildPhase;
			buildActionMask = 2147483647;
			files = (
				1338A4F22B685ACB0029F9D9 /* lab4.xcdatamodeld in Sources */,
				1338A4EC2B685ACB0029F9D9 /* ViewController.swift in Sources */,
				1338A4E82B685ACB0029F9D9 /* AppDelegate.swift in Sources */,
				1338A4EA2B685ACB0029F9D9 /* SceneDelegate.swift in Sources */,
			);
			runOnlyForDeploymentPostprocessing = 0;
		};
		1338A4F92B685ACC0029F9D9 /* Sources */ = {
			isa = PBXSourcesBuildPhase;
			buildActionMask = 2147483647;
			files = (
				1338A5022B685ACC0029F9D9 /* lab4Tests.swift in Sources */,
			);
			runOnlyForDeploymentPostprocessing = 0;
		};
		1338A5032B685ACC0029F9D9 /* Sources */ = {
			isa = PBXSourcesBuildPhase;
			buildActionMask = 2147483647;
			files = (
				1338A50C2B685ACC0029F9D9 /* lab4UITests.swift in Sources */,
				1338A50E2B685ACC0029F9D9 /* lab4UITestsLaunchTests.swift in Sources */,
			);
			runOnlyForDeploymentPostprocessing = 0;
		};
/* End PBXSourcesBuildPhase section */

/* Begin PBXTargetDependency section */
		1338A4FF2B685ACC0029F9D9 /* PBXTargetDependency */ = {
			isa = PBXTargetDependency;
			target = 1338A4E32B685ACB0029F9D9 /* lab4 */;
			targetProxy = 1338A4FE2B685ACC0029F9D9 /* PBXContainerItemProxy */;
		};
		1338A5092B685ACC0029F9D9 /* PBXTargetDependency */ = {
			isa = PBXTargetDependency;
			target = 1338A4E32B685ACB0029F9D9 /* lab4 */;
			targetProxy = 1338A5082B685ACC0029F9D9 /* PBXContainerItemProxy */;
		};
/* End PBXTargetDependency section */

/* Begin PBXVariantGroup section */
		1338A4ED2B685ACB0029F9D9 /* Main.storyboard */ = {
			isa = PBXVariantGroup;
			children = (
				1338A4EE2B685ACB0029F9D9 /* Base */,
			);
			name = Main.storyboard;
			sourceTree = "<group>";
		};
		1338A4F52B685ACC0029F9D9 /* LaunchScreen.storyboard */ = {
			isa = PBXVariantGroup;
			children = (
				1338A4F62B685ACC0029F9D9 /* Base */,
			);
			name = LaunchScreen.storyboard;
			sourceTree = "<group>";
		};
/* End PBXVariantGroup section */

/* Begin XCBuildConfiguration section */
		1338A50F2B685ACC0029F9D9 /* Debug */ = {
			isa = XCBuildConfiguration;
			buildSettings = {
				ALWAYS_SEARCH_USER_PATHS = NO;
				CLANG_ANALYZER_NONNULL = YES;
				CLANG_ANALYZER_NUMBER_OBJECT_CONVERSION = YES_AGGRESSIVE;
				CLANG_CXX_LANGUAGE_STANDARD = "gnu++20";
				CLANG_ENABLE_MODULES = YES;
				CLANG_ENABLE_OBJC_ARC = YES;
				CLANG_ENABLE_OBJC_WEAK = YES;
				CLANG_WARN_BLOCK_CAPTURE_AUTORELEASING = YES;
				CLANG_WARN_BOOL_CONVERSION = YES;
				CLANG_WARN_COMMA = YES;
				CLANG_WARN_CONSTANT_CONVERSION = YES;
				CLANG_WARN_DEPRECATED_OBJC_IMPLEMENTATIONS = YES;
				CLANG_WARN_DIRECT_OBJC_ISA_USAGE = YES_ERROR;
				CLANG_WARN_DOCUMENTATION_COMMENTS = YES;
				CLANG_WARN_EMPTY_BODY = YES;
				CLANG_WARN_ENUM_CONVERSION = YES;
				CLANG_WARN_INFINITE_RECURSION = YES;
				CLANG_WARN_INT_CONVERSION = YES;
				CLANG_WARN_NON_LITERAL_NULL_CONVERSION = YES;
				CLANG_WARN_OBJC_IMPLICIT_RETAIN_SELF = YES;
				CLANG_WARN_OBJC_LITERAL_CONVERSION = YES;
				CLANG_WARN_OBJC_ROOT_CLASS = YES_ERROR;
				CLANG_WARN_QUOTED_INCLUDE_IN_FRAMEWORK_HEADER = YES;
				CLANG_WARN_RANGE_LOOP_ANALYSIS = YES;
				CLANG_WARN_STRICT_PROTOTYPES = YES;
				CLANG_WARN_SUSPICIOUS_MOVE = YES;
				CLANG_WARN_UNGUARDED_AVAILABILITY = YES_AGGRESSIVE;
				CLANG_WARN_UNREACHABLE_CODE = YES;
				CLANG_WARN__DUPLICATE_METHOD_MATCH = YES;
				COPY_PHASE_STRIP = NO;
				DEBUG_INFORMATION_FORMAT = dwarf;
				ENABLE_STRICT_OBJC_MSGSEND = YES;
				ENABLE_TESTABILITY = YES;
				GCC_C_LANGUAGE_STANDARD = gnu11;
				GCC_DYNAMIC_NO_PIC = NO;
				GCC_NO_COMMON_BLOCKS = YES;
				GCC_OPTIMIZATION_LEVEL = 0;
				GCC_PREPROCESSOR_DEFINITIONS = (
					"DEBUG=1",
					"$(inherited)",
				);
				GCC_WARN_64_TO_32_BIT_CONVERSION = YES;
				GCC_WARN_ABOUT_RETURN_TYPE = YES_ERROR;
				GCC_WARN_UNDECLARED_SELECTOR = YES;
				GCC_WARN_UNINITIALIZED_AUTOS = YES_AGGRESSIVE;
				GCC_WARN_UNUSED_FUNCTION = YES;
				GCC_WARN_UNUSED_VARIABLE = YES;
				IPHONEOS_DEPLOYMENT_TARGET = 16.2;
				MTL_ENABLE_DEBUG_INFO = INCLUDE_SOURCE;
				MTL_FAST_MATH = YES;
				ONLY_ACTIVE_ARCH = YES;
				SDKROOT = iphoneos;
				SWIFT_ACTIVE_COMPILATION_CONDITIONS = DEBUG;
				SWIFT_OPTIMIZATION_LEVEL = "-Onone";
			};
			name = Debug;
		};
		1338A5102B685ACC0029F9D9 /* Release */ = {
			isa = XCBuildConfiguration;
			buildSettings = {
				ALWAYS_SEARCH_USER_PATHS = NO;
				CLANG_ANALYZER_NONNULL = YES;
				CLANG_ANALYZER_NUMBER_OBJECT_CONVERSION = YES_AGGRESSIVE;
				CLANG_CXX_LANGUAGE_STANDARD = "gnu++20";
				CLANG_ENABLE_MODULES = YES;
				CLANG_ENABLE_OBJC_ARC = YES;
				CLANG_ENABLE_OBJC_WEAK = YES;
				CLANG_WARN_BLOCK_CAPTURE_AUTORELEASING = YES;
				CLANG_WARN_BOOL_CONVERSION = YES;
				CLANG_WARN_COMMA = YES;
				CLANG_WARN_CONSTANT_CONVERSION = YES;
				CLANG_WARN_DEPRECATED_OBJC_IMPLEMENTATIONS = YES;
				CLANG_WARN_DIRECT_OBJC_ISA_USAGE = YES_ERROR;
				CLANG_WARN_DOCUMENTATION_COMMENTS = YES;
				CLANG_WARN_EMPTY_BODY = YES;
				CLANG_WARN_ENUM_CONVERSION = YES;
				CLANG_WARN_INFINITE_RECURSION = YES;
				CLANG_WARN_INT_CONVERSION = YES;
				CLANG_WARN_NON_LITERAL_NULL_CONVERSION = YES;
				CLANG_WARN_OBJC_IMPLICIT_RETAIN_SELF = YES;
				CLANG_WARN_OBJC_LITERAL_CONVERSION = YES;
				CLANG_WARN_OBJC_ROOT_CLASS = YES_ERROR;
				CLANG_WARN_QUOTED_INCLUDE_IN_FRAMEWORK_HEADER = YES;
				CLANG_WARN_RANGE_LOOP_ANALYSIS = YES;
				CLANG_WARN_STRICT_PROTOTYPES = YES;
				CLANG_WARN_SUSPICIOUS_MOVE = YES;
				CLANG_WARN_UNGUARDED_AVAILABILITY = YES_AGGRESSIVE;
				CLANG_WARN_UNREACHABLE_CODE = YES;
				CLANG_WARN__DUPLICATE_METHOD_MATCH = YES;
				COPY_PHASE_STRIP = NO;
				DEBUG_INFORMATION_FORMAT = "dwarf-with-dsym";
				ENABLE_NS_ASSERTIONS = NO;
				ENABLE_STRICT_OBJC_MSGSEND = YES;
				GCC_C_LANGUAGE_STANDARD = gnu11;
				GCC_NO_COMMON_BLOCKS = YES;
				GCC_WARN_64_TO_32_BIT_CONVERSION = YES;
				GCC_WARN_ABOUT_RETURN_TYPE = YES_ERROR;
				GCC_WARN_UNDECLARED_SELECTOR = YES;
				GCC_WARN_UNINITIALIZED_AUTOS = YES_AGGRESSIVE;
				GCC_WARN_UNUSED_FUNCTION = YES;
				GCC_WARN_UNUSED_VARIABLE = YES;
				IPHONEOS_DEPLOYMENT_TARGET = 16.2;
				MTL_ENABLE_DEBUG_INFO = NO;
				MTL_FAST_MATH = YES;
				SDKROOT = iphoneos;
				SWIFT_COMPILATION_MODE = wholemodule;
				SWIFT_OPTIMIZATION_LEVEL = "-O";
				VALIDATE_PRODUCT = YES;
			};
			name = Release;
		};
		1338A5122B685ACC0029F9D9 /* Debug */ = {
			isa = XCBuildConfiguration;
			buildSettings = {
				ASSETCATALOG_COMPILER_APPICON_NAME = AppIcon;
				ASSETCATALOG_COMPILER_GLOBAL_ACCENT_COLOR_NAME = AccentColor;
				CODE_SIGN_STYLE = Automatic;
				CURRENT_PROJECT_VERSION = 1;
				DEVELOPMENT_TEAM = 2Z9KHW826T;
				GENERATE_INFOPLIST_FILE = YES;
				INFOPLIST_FILE = lab4/Info.plist;
				INFOPLIST_KEY_UIApplicationSupportsIndirectInputEvents = YES;
				INFOPLIST_KEY_UILaunchStoryboardName = LaunchScreen;
				INFOPLIST_KEY_UIMainStoryboardFile = Main;
				INFOPLIST_KEY_UISupportedInterfaceOrientations_iPad = "UIInterfaceOrientationPortrait UIInterfaceOrientationPortraitUpsideDown UIInterfaceOrientationLandscapeLeft UIInterfaceOrientationLandscapeRight";
				INFOPLIST_KEY_UISupportedInterfaceOrientations_iPhone = "UIInterfaceOrientationPortrait UIInterfaceOrientationLandscapeLeft UIInterfaceOrientationLandscapeRight";
				LD_RUNPATH_SEARCH_PATHS = (
					"$(inherited)",
					"@executable_path/Frameworks",
				);
				MARKETING_VERSION = 1.0;
				PRODUCT_BUNDLE_IDENTIFIER = com.cherryl.lab4;
				PRODUCT_NAME = "$(TARGET_NAME)";
				SWIFT_EMIT_LOC_STRINGS = YES;
				SWIFT_VERSION = 5.0;
				TARGETED_DEVICE_FAMILY = "1,2";
			};
			name = Debug;
		};
		1338A5132B685ACC0029F9D9 /* Release */ = {
			isa = XCBuildConfiguration;
			buildSettings = {
				ASSETCATALOG_COMPILER_APPICON_NAME = AppIcon;
				ASSETCATALOG_COMPILER_GLOBAL_ACCENT_COLOR_NAME = AccentColor;
				CODE_SIGN_STYLE = Automatic;
				CURRENT_PROJECT_VERSION = 1;
				DEVELOPMENT_TEAM = 2Z9KHW826T;
				GENERATE_INFOPLIST_FILE = YES;
				INFOPLIST_FILE = lab4/Info.plist;
				INFOPLIST_KEY_UIApplicationSupportsIndirectInputEvents = YES;
				INFOPLIST_KEY_UILaunchStoryboardName = LaunchScreen;
				INFOPLIST_KEY_UIMainStoryboardFile = Main;
				INFOPLIST_KEY_UISupportedInterfaceOrientations_iPad = "UIInterfaceOrientationPortrait UIInterfaceOrientationPortraitUpsideDown UIInterfaceOrientationLandscapeLeft UIInterfaceOrientationLandscapeRight";
				INFOPLIST_KEY_UISupportedInterfaceOrientations_iPhone = "UIInterfaceOrientationPortrait UIInterfaceOrientationLandscapeLeft UIInterfaceOrientationLandscapeRight";
				LD_RUNPATH_SEARCH_PATHS = (
					"$(inherited)",
					"@executable_path/Frameworks",
				);
				MARKETING_VERSION = 1.0;
				PRODUCT_BUNDLE_IDENTIFIER = com.cherryl.lab4;
				PRODUCT_NAME = "$(TARGET_NAME)";
				SWIFT_EMIT_LOC_STRINGS = YES;
				SWIFT_VERSION = 5.0;
				TARGETED_DEVICE_FAMILY = "1,2";
			};
			name = Release;
		};
		1338A5152B685ACC0029F9D9 /* Debug */ = {
			isa = XCBuildConfiguration;
			buildSettings = {
				ALWAYS_EMBED_SWIFT_STANDARD_LIBRARIES = YES;
				BUNDLE_LOADER = "$(TEST_HOST)";
				CODE_SIGN_STYLE = Automatic;
				CURRENT_PROJECT_VERSION = 1;
				DEVELOPMENT_TEAM = 2Z9KHW826T;
				GENERATE_INFOPLIST_FILE = YES;
				IPHONEOS_DEPLOYMENT_TARGET = 16.2;
				MARKETING_VERSION = 1.0;
				PRODUCT_BUNDLE_IDENTIFIER = com.cherryl.lab4Tests;
				PRODUCT_NAME = "$(TARGET_NAME)";
				SWIFT_EMIT_LOC_STRINGS = NO;
				SWIFT_VERSION = 5.0;
				TARGETED_DEVICE_FAMILY = "1,2";
				TEST_HOST = "$(BUILT_PRODUCTS_DIR)/lab4.app/$(BUNDLE_EXECUTABLE_FOLDER_PATH)/lab4";
			};
			name = Debug;
		};
		1338A5162B685ACC0029F9D9 /* Release */ = {
			isa = XCBuildConfiguration;
			buildSettings = {
				ALWAYS_EMBED_SWIFT_STANDARD_LIBRARIES = YES;
				BUNDLE_LOADER = "$(TEST_HOST)";
				CODE_SIGN_STYLE = Automatic;
				CURRENT_PROJECT_VERSION = 1;
				DEVELOPMENT_TEAM = 2Z9KHW826T;
				GENERATE_INFOPLIST_FILE = YES;
				IPHONEOS_DEPLOYMENT_TARGET = 16.2;
				MARKETING_VERSION = 1.0;
				PRODUCT_BUNDLE_IDENTIFIER = com.cherryl.lab4Tests;
				PRODUCT_NAME = "$(TARGET_NAME)";
				SWIFT_EMIT_LOC_STRINGS = NO;
				SWIFT_VERSION = 5.0;
				TARGETED_DEVICE_FAMILY = "1,2";
				TEST_HOST = "$(BUILT_PRODUCTS_DIR)/lab4.app/$(BUNDLE_EXECUTABLE_FOLDER_PATH)/lab4";
			};
			name = Release;
		};
		1338A5182B685ACC0029F9D9 /* Debug */ = {
			isa = XCBuildConfiguration;
			buildSettings = {
				ALWAYS_EMBED_SWIFT_STANDARD_LIBRARIES = YES;
				CODE_SIGN_STYLE = Automatic;
				CURRENT_PROJECT_VERSION = 1;
				DEVELOPMENT_TEAM = 2Z9KHW826T;
				GENERATE_INFOPLIST_FILE = YES;
				MARKETING_VERSION = 1.0;
				PRODUCT_BUNDLE_IDENTIFIER = com.cherryl.lab4UITests;
				PRODUCT_NAME = "$(TARGET_NAME)";
				SWIFT_EMIT_LOC_STRINGS = NO;
				SWIFT_VERSION = 5.0;
				TARGETED_DEVICE_FAMILY = "1,2";
				TEST_TARGET_NAME = lab4;
			};
			name = Debug;
		};
		1338A5192B685ACC0029F9D9 /* Release */ = {
			isa = XCBuildConfiguration;
			buildSettings = {
				ALWAYS_EMBED_SWIFT_STANDARD_LIBRARIES = YES;
				CODE_SIGN_STYLE = Automatic;
				CURRENT_PROJECT_VERSION = 1;
				DEVELOPMENT_TEAM = 2Z9KHW826T;
				GENERATE_INFOPLIST_FILE = YES;
				MARKETING_VERSION = 1.0;
				PRODUCT_BUNDLE_IDENTIFIER = com.cherryl.lab4UITests;
				PRODUCT_NAME = "$(TARGET_NAME)";
				SWIFT_EMIT_LOC_STRINGS = NO;
				SWIFT_VERSION = 5.0;
				TARGETED_DEVICE_FAMILY = "1,2";
				TEST_TARGET_NAME = lab4;
			};
			name = Release;
		};
/* End XCBuildConfiguration section */

/* Begin XCConfigurationList section */
		1338A4DF2B685ACB0029F9D9 /* Build configuration list for PBXProject "lab4" */ = {
			isa = XCConfigurationList;
			buildConfigurations = (
				1338A50F2B685ACC0029F9D9 /* Debug */,
				1338A5102B685ACC0029F9D9 /* Release */,
			);
			defaultConfigurationIsVisible = 0;
			defaultConfigurationName = Release;
		};
		1338A5112B685ACC0029F9D9 /* Build configuration list for PBXNativeTarget "lab4" */ = {
			isa = XCConfigurationList;
			buildConfigurations = (
				1338A5122B685ACC0029F9D9 /* Debug */,
				1338A5132B685ACC0029F9D9 /* Release */,
			);
			defaultConfigurationIsVisible = 0;
			defaultConfigurationName = Release;
		};
		1338A5142B685ACC0029F9D9 /* Build configuration list for PBXNativeTarget "lab4Tests" */ = {
			isa = XCConfigurationList;
			buildConfigurations = (
				1338A5152B685ACC0029F9D9 /* Debug */,
				1338A5162B685ACC0029F9D9 /* Release */,
			);
			defaultConfigurationIsVisible = 0;
			defaultConfigurationName = Release;
		};
		1338A5172B685ACC0029F9D9 /* Build configuration list for PBXNativeTarget "lab4UITests" */ = {
			isa = XCConfigurationList;
			buildConfigurations = (
				1338A5182B685ACC0029F9D9 /* Debug */,
				1338A5192B685ACC0029F9D9 /* Release */,
			);
			defaultConfigurationIsVisible = 0;
			defaultConfigurationName = Release;
		};
/* End XCConfigurationList section */

/* Begin XCVersionGroup section */
		1338A4F02B685ACB0029F9D9 /* lab4.xcdatamodeld */ = {
			isa = XCVersionGroup;
			children = (
				1338A4F12B685ACB0029F9D9 /* lab4.xcdatamodel */,
			);
			currentVersion = 1338A4F12B685ACB0029F9D9 /* lab4.xcdatamodel */;
			path = lab4.xcdatamodeld;
			sourceTree = "<group>";
			versionGroupType = wrapper.xcdatamodel;
		};
/* End XCVersionGroup section */
	};
	rootObject = 1338A4DC2B685ACB0029F9D9 /* Project object */;
}
